{
  "name": "ajs-node",
  "version": "1.0.0",
  "lockfileVersion": 2,
  "requires": true,
  "packages": {
    "": {
      "name": "ajs-node",
      "version": "1.0.0",
      "license": "ISC",
      "dependencies": {
        "@evgeniypryanichnikov/ajs-platforms": "^1.0.0"
      }
    },
    "node_modules/@evgeniypryanichnikov/ajs-platforms": {
      "version": "1.0.0",
      "resolved": "https://npm.pkg.github.com/download/@evgeniypryanichnikov/ajs-platforms/1.0.0/78b4c3882c11fe630f7d10fb469ecf78d1a7fee9",
      "integrity": "sha512-atotXqZh0OPORZtZgFEclZiwajSxHs98KvrGKGHZ9x+UZi133c4QBPHRR5STMChcZnftcmAm8mcdcGdbKIi7zg==",
      "license": "ISC"
    }
  },
  "dependencies": {
    "@evgeniypryanichnikov/ajs-platforms": {
      "version": "1.0.0",
      "resolved": "https://npm.pkg.github.com/download/@evgeniypryanichnikov/ajs-platforms/1.0.0/78b4c3882c11fe630f7d10fb469ecf78d1a7fee9",
      "integrity": "sha512-atotXqZh0OPORZtZgFEclZiwajSxHs98KvrGKGHZ9x+UZi133c4QBPHRR5STMChcZnftcmAm8mcdcGdbKIi7zg=="
    }
  }
}
